
Microsoft Visual Studio Solution File, Format Version 12.00
# Visual Studio Version 16
VisualStudioVersion = 16.0.28917.181
MinimumVisualStudioVersion = 10.0.40219.1
Project("{FAE04EC0-301F-11D3-BF4B-00C04F79EFBC}") = "FontAndColor", "FontAndColor\FontAndColor.csproj", "{88239D33-4B8B-4CAD-987E-5E888D843FF7}"
EndProject
Global
	GlobalSection(SolutionConfigurationPlatforms) = preSolution
		Debug|Any CPU = Debug|Any CPU
		Release|Any CPU = Release|Any CPU
	EndGlobalSection
	GlobalSection(ProjectConfigurationPlatforms) = postSolution
		{88239D33-4B8B-4CAD-987E-5E888D843FF7}.Debug|Any CPU.ActiveCfg = Debug|Any CPU
		{88239D33-4B8B-4CAD-987E-5E888D843FF7}.Debug|Any CPU.Build.0 = Debug|Any CPU
		{88239D33-4B8B-4CAD-987E-5E888D843FF7}.Release|Any CPU.ActiveCfg = Release|Any CPU
		{88239D33-4B8B-4CAD-987E-5E888D843FF7}.Release|Any CPU.Build.0 = Release|Any CPU
	EndGlobalSection
	GlobalSection(SolutionProperties) = preSolution
		HideSolutionNode = FALSE
	EndGlobalSection
	GlobalSection(ExtensibilityGlobals) = postSolution
		SolutionGuid = {0DE09868-287F-4420-9A1D-931599BA8AD4}
	EndGlobalSection
EndGlobal
